
Microsoft Visual Studio Solution File, Format Version 12.00
# Visual Studio 2012
Project("{FAE04EC0-301F-11D3-BF4B-00C04F79EFBC}") = "ClaimatePrimeWeb", "ClaimatePrimeWeb\ClaimatePrimeWeb.csproj", "{F5E4534E-0D85-4563-8EA8-9434EBE378A2}"
EndProject
Project("{FAE04EC0-301F-11D3-BF4B-00C04F79EFBC}") = "ClaimatePrimeFnSp", "SecuredFolder\ClaimatePrimeFnSp\ClaimatePrimeFnSp.csproj", "{964ECB33-CCF8-4F5A-A5AA-64EF0A6C83B2}"
EndProject
Project("{FAE04EC0-301F-11D3-BF4B-00C04F79EFBC}") = "ArivaCryptorEngine", "SecuredFolder\ArivaCryptorEngine\ArivaCryptorEngine.csproj", "{B617C482-0E0A-4790-839F-7EB68342BD81}"
EndProject
Project("{FAE04EC0-301F-11D3-BF4B-00C04F79EFBC}") = "ArivaEmail", "SecuredFolder\ArivaEmail\ArivaEmail.csproj", "{065DD9D9-8060-47AB-AEEB-9101B46E9A18}"
EndProject
Project("{FAE04EC0-301F-11D3-BF4B-00C04F79EFBC}") = "OfficeOpenXml", "SecuredFolder\OfficeOpenXml\OfficeOpenXml.csproj", "{85BD0489-84CE-4F99-9B71-B2C07C7CF5FC}"
EndProject
Project("{FAE04EC0-301F-11D3-BF4B-00C04F79EFBC}") = "ClaimatePrimeModels", "ClaimatePrimeModels\ClaimatePrimeModels.csproj", "{6A38A74E-9973-473C-A70A-B62E47D9A5E8}"
EndProject
Project("{FAE04EC0-301F-11D3-BF4B-00C04F79EFBC}") = "ClaimatePrimeControllers", "ClaimatePrimeControllers\ClaimatePrimeControllers.csproj", "{462C5E76-DB1B-432D-94EC-91DEC7888EC3}"
EndProject
Project("{FAE04EC0-301F-11D3-BF4B-00C04F79EFBC}") = "ClaimatePrimeConstants", "SecuredFolder\ClaimatePrimeConstants\ClaimatePrimeConstants.csproj", "{E9339F50-C822-42C5-9E15-4F0F2C5FAE0C}"
EndProject
Project("{FAE04EC0-301F-11D3-BF4B-00C04F79EFBC}") = "ClaimatePrimeEFWork", "ClaimatePrimeEFWork\ClaimatePrimeEFWork.csproj", "{3505E24A-553F-4C46-8AF3-77FB8BD9A507}"
EndProject
Project("{FAE04EC0-301F-11D3-BF4B-00C04F79EFBC}") = "ANSI5010", "ANSI5010\ANSI5010.csproj", "{193952D2-DD89-419B-95CA-4BB59EF498A4}"
EndProject
Project("{FAE04EC0-301F-11D3-BF4B-00C04F79EFBC}") = "ClaimatePrimeWin", "ClaimatePrimeWin\ClaimatePrimeWin.csproj", "{BE888BC8-03CB-40BC-AE81-7F2A3FC27CE4}"
EndProject
Project("{FAE04EC0-301F-11D3-BF4B-00C04F79EFBC}") = "ExportExcelWin", "ExportExcelWin\ExportExcelWin.csproj", "{4C302D6C-F8ED-4229-B07A-E8B02CDE316B}"
EndProject
Project("{6141683F-8A12-4E36-9623-2EB02B2C2303}") = "ClaimatePrimeSite", "SecuredFolder\SetUps\ClaimatePrimeSite\ClaimatePrimeSite.isproj", "{7B86F765-FEFB-4CE5-A6A2-2D79A7489CDC}"
	ProjectSection(ProjectDependencies) = postProject
		{F5E4534E-0D85-4563-8EA8-9434EBE378A2} = {F5E4534E-0D85-4563-8EA8-9434EBE378A2}
	EndProjectSection
EndProject
Project("{6141683F-8A12-4E36-9623-2EB02B2C2303}") = "ClaimatePrimeSync", "SecuredFolder\SetUps\ClaimatePrimeSync\ClaimatePrimeSync.isproj", "{4D13CAF7-91A0-44A5-B33D-42D51AA6A2EB}"
	ProjectSection(ProjectDependencies) = postProject
		{BE888BC8-03CB-40BC-AE81-7F2A3FC27CE4} = {BE888BC8-03CB-40BC-AE81-7F2A3FC27CE4}
	EndProjectSection
EndProject
Project("{6141683F-8A12-4E36-9623-2EB02B2C2303}") = "ClaimatePrimeExlExpo", "SecuredFolder\SetUps\ClaimatePrimeExlExpo\ClaimatePrimeExlExpo.isproj", "{C28900E5-BAFC-4672-B526-56ED90A7F86C}"
	ProjectSection(ProjectDependencies) = postProject
		{4C302D6C-F8ED-4229-B07A-E8B02CDE316B} = {4C302D6C-F8ED-4229-B07A-E8B02CDE316B}
	EndProjectSection
EndProject
Global
	GlobalSection(SolutionConfigurationPlatforms) = preSolution
		CD_ROM|Any CPU = CD_ROM|Any CPU
		CD_ROM|Mixed Platforms = CD_ROM|Mixed Platforms
		CD_ROM|x86 = CD_ROM|x86
		Debug|Any CPU = Debug|Any CPU
		Debug|Mixed Platforms = Debug|Mixed Platforms
		Debug|x86 = Debug|x86
		DVD-5|Any CPU = DVD-5|Any CPU
		DVD-5|Mixed Platforms = DVD-5|Mixed Platforms
		DVD-5|x86 = DVD-5|x86
		Release|Any CPU = Release|Any CPU
		Release|Mixed Platforms = Release|Mixed Platforms
		Release|x86 = Release|x86
		SingleImage|Any CPU = SingleImage|Any CPU
		SingleImage|Mixed Platforms = SingleImage|Mixed Platforms
		SingleImage|x86 = SingleImage|x86
	EndGlobalSection
	GlobalSection(ProjectConfigurationPlatforms) = postSolution
		{F5E4534E-0D85-4563-8EA8-9434EBE378A2}.CD_ROM|Any CPU.ActiveCfg = Release|Any CPU
		{F5E4534E-0D85-4563-8EA8-9434EBE378A2}.CD_ROM|Any CPU.Build.0 = Release|Any CPU
		{F5E4534E-0D85-4563-8EA8-9434EBE378A2}.CD_ROM|Mixed Platforms.ActiveCfg = Release|Any CPU
		{F5E4534E-0D85-4563-8EA8-9434EBE378A2}.CD_ROM|Mixed Platforms.Build.0 = Release|Any CPU
		{F5E4534E-0D85-4563-8EA8-9434EBE378A2}.CD_ROM|x86.ActiveCfg = Release|Any CPU
		{F5E4534E-0D85-4563-8EA8-9434EBE378A2}.Debug|Any CPU.ActiveCfg = Debug|Any CPU
		{F5E4534E-0D85-4563-8EA8-9434EBE378A2}.Debug|Any CPU.Build.0 = Debug|Any CPU
		{F5E4534E-0D85-4563-8EA8-9434EBE378A2}.Debug|Mixed Platforms.ActiveCfg = Debug|Any CPU
		{F5E4534E-0D85-4563-8EA8-9434EBE378A2}.Debug|Mixed Platforms.Build.0 = Debug|Any CPU
		{F5E4534E-0D85-4563-8EA8-9434EBE378A2}.Debug|x86.ActiveCfg = Debug|Any CPU
		{F5E4534E-0D85-4563-8EA8-9434EBE378A2}.DVD-5|Any CPU.ActiveCfg = Debug|Any CPU
		{F5E4534E-0D85-4563-8EA8-9434EBE378A2}.DVD-5|Any CPU.Build.0 = Debug|Any CPU
		{F5E4534E-0D85-4563-8EA8-9434EBE378A2}.DVD-5|Mixed Platforms.ActiveCfg = Debug|Any CPU
		{F5E4534E-0D85-4563-8EA8-9434EBE378A2}.DVD-5|Mixed Platforms.Build.0 = Debug|Any CPU
		{F5E4534E-0D85-4563-8EA8-9434EBE378A2}.DVD-5|x86.ActiveCfg = Debug|Any CPU
		{F5E4534E-0D85-4563-8EA8-9434EBE378A2}.Release|Any CPU.ActiveCfg = Release|Any CPU
		{F5E4534E-0D85-4563-8EA8-9434EBE378A2}.Release|Any CPU.Build.0 = Release|Any CPU
		{F5E4534E-0D85-4563-8EA8-9434EBE378A2}.Release|Mixed Platforms.ActiveCfg = Release|Any CPU
		{F5E4534E-0D85-4563-8EA8-9434EBE378A2}.Release|Mixed Platforms.Build.0 = Release|Any CPU
		{F5E4534E-0D85-4563-8EA8-9434EBE378A2}.Release|x86.ActiveCfg = Release|Any CPU
		{F5E4534E-0D85-4563-8EA8-9434EBE378A2}.SingleImage|Any CPU.ActiveCfg = Release|Any CPU
		{F5E4534E-0D85-4563-8EA8-9434EBE378A2}.SingleImage|Any CPU.Build.0 = Release|Any CPU
		{F5E4534E-0D85-4563-8EA8-9434EBE378A2}.SingleImage|Mixed Platforms.ActiveCfg = Release|Any CPU
		{F5E4534E-0D85-4563-8EA8-9434EBE378A2}.SingleImage|Mixed Platforms.Build.0 = Release|Any CPU
		{F5E4534E-0D85-4563-8EA8-9434EBE378A2}.SingleImage|x86.ActiveCfg = Release|Any CPU
		{964ECB33-CCF8-4F5A-A5AA-64EF0A6C83B2}.CD_ROM|Any CPU.ActiveCfg = Release|x86
		{964ECB33-CCF8-4F5A-A5AA-64EF0A6C83B2}.CD_ROM|Mixed Platforms.ActiveCfg = Release|x86
		{964ECB33-CCF8-4F5A-A5AA-64EF0A6C83B2}.CD_ROM|Mixed Platforms.Build.0 = Release|x86
		{964ECB33-CCF8-4F5A-A5AA-64EF0A6C83B2}.CD_ROM|x86.ActiveCfg = Release|x86
		{964ECB33-CCF8-4F5A-A5AA-64EF0A6C83B2}.CD_ROM|x86.Build.0 = Release|x86
		{964ECB33-CCF8-4F5A-A5AA-64EF0A6C83B2}.Debug|Any CPU.ActiveCfg = Debug|x86
		{964ECB33-CCF8-4F5A-A5AA-64EF0A6C83B2}.Debug|Mixed Platforms.ActiveCfg = Debug|x86
		{964ECB33-CCF8-4F5A-A5AA-64EF0A6C83B2}.Debug|Mixed Platforms.Build.0 = Debug|x86
		{964ECB33-CCF8-4F5A-A5AA-64EF0A6C83B2}.Debug|x86.ActiveCfg = Debug|x86
		{964ECB33-CCF8-4F5A-A5AA-64EF0A6C83B2}.Debug|x86.Build.0 = Debug|x86
		{964ECB33-CCF8-4F5A-A5AA-64EF0A6C83B2}.DVD-5|Any CPU.ActiveCfg = Debug|x86
		{964ECB33-CCF8-4F5A-A5AA-64EF0A6C83B2}.DVD-5|Mixed Platforms.ActiveCfg = Debug|x86
		{964ECB33-CCF8-4F5A-A5AA-64EF0A6C83B2}.DVD-5|Mixed Platforms.Build.0 = Debug|x86
		{964ECB33-CCF8-4F5A-A5AA-64EF0A6C83B2}.DVD-5|x86.ActiveCfg = Debug|x86
		{964ECB33-CCF8-4F5A-A5AA-64EF0A6C83B2}.DVD-5|x86.Build.0 = Debug|x86
		{964ECB33-CCF8-4F5A-A5AA-64EF0A6C83B2}.Release|Any CPU.ActiveCfg = Release|x86
		{964ECB33-CCF8-4F5A-A5AA-64EF0A6C83B2}.Release|Mixed Platforms.ActiveCfg = Release|x86
		{964ECB33-CCF8-4F5A-A5AA-64EF0A6C83B2}.Release|Mixed Platforms.Build.0 = Release|x86
		{964ECB33-CCF8-4F5A-A5AA-64EF0A6C83B2}.Release|x86.ActiveCfg = Release|x86
		{964ECB33-CCF8-4F5A-A5AA-64EF0A6C83B2}.Release|x86.Build.0 = Release|x86
		{964ECB33-CCF8-4F5A-A5AA-64EF0A6C83B2}.SingleImage|Any CPU.ActiveCfg = Release|x86
		{964ECB33-CCF8-4F5A-A5AA-64EF0A6C83B2}.SingleImage|Mixed Platforms.ActiveCfg = Release|x86
		{964ECB33-CCF8-4F5A-A5AA-64EF0A6C83B2}.SingleImage|Mixed Platforms.Build.0 = Release|x86
		{964ECB33-CCF8-4F5A-A5AA-64EF0A6C83B2}.SingleImage|x86.ActiveCfg = Release|x86
		{964ECB33-CCF8-4F5A-A5AA-64EF0A6C83B2}.SingleImage|x86.Build.0 = Release|x86
		{B617C482-0E0A-4790-839F-7EB68342BD81}.CD_ROM|Any CPU.ActiveCfg = Release|Any CPU
		{B617C482-0E0A-4790-839F-7EB68342BD81}.CD_ROM|Any CPU.Build.0 = Release|Any CPU
		{B617C482-0E0A-4790-839F-7EB68342BD81}.CD_ROM|Mixed Platforms.ActiveCfg = Release|Any CPU
		{B617C482-0E0A-4790-839F-7EB68342BD81}.CD_ROM|Mixed Platforms.Build.0 = Release|Any CPU
		{B617C482-0E0A-4790-839F-7EB68342BD81}.CD_ROM|x86.ActiveCfg = Release|Any CPU
		{B617C482-0E0A-4790-839F-7EB68342BD81}.Debug|Any CPU.ActiveCfg = Debug|Any CPU
		{B617C482-0E0A-4790-839F-7EB68342BD81}.Debug|Any CPU.Build.0 = Debug|Any CPU
		{B617C482-0E0A-4790-839F-7EB68342BD81}.Debug|Mixed Platforms.ActiveCfg = Debug|Any CPU
		{B617C482-0E0A-4790-839F-7EB68342BD81}.Debug|Mixed Platforms.Build.0 = Debug|Any CPU
		{B617C482-0E0A-4790-839F-7EB68342BD81}.Debug|Mixed Platforms.Deploy.0 = Debug|Any CPU
		{B617C482-0E0A-4790-839F-7EB68342BD81}.Debug|x86.ActiveCfg = Debug|Any CPU
		{B617C482-0E0A-4790-839F-7EB68342BD81}.DVD-5|Any CPU.ActiveCfg = Debug|Any CPU
		{B617C482-0E0A-4790-839F-7EB68342BD81}.DVD-5|Any CPU.Build.0 = Debug|Any CPU
		{B617C482-0E0A-4790-839F-7EB68342BD81}.DVD-5|Mixed Platforms.ActiveCfg = Debug|Any CPU
		{B617C482-0E0A-4790-839F-7EB68342BD81}.DVD-5|Mixed Platforms.Build.0 = Debug|Any CPU
		{B617C482-0E0A-4790-839F-7EB68342BD81}.DVD-5|x86.ActiveCfg = Debug|Any CPU
		{B617C482-0E0A-4790-839F-7EB68342BD81}.Release|Any CPU.ActiveCfg = Release|Any CPU
		{B617C482-0E0A-4790-839F-7EB68342BD81}.Release|Any CPU.Build.0 = Release|Any CPU
		{B617C482-0E0A-4790-839F-7EB68342BD81}.Release|Mixed Platforms.ActiveCfg = Release|Any CPU
		{B617C482-0E0A-4790-839F-7EB68342BD81}.Release|Mixed Platforms.Build.0 = Release|Any CPU
		{B617C482-0E0A-4790-839F-7EB68342BD81}.Release|x86.ActiveCfg = Release|Any CPU
		{B617C482-0E0A-4790-839F-7EB68342BD81}.SingleImage|Any CPU.ActiveCfg = Release|Any CPU
		{B617C482-0E0A-4790-839F-7EB68342BD81}.SingleImage|Any CPU.Build.0 = Release|Any CPU
		{B617C482-0E0A-4790-839F-7EB68342BD81}.SingleImage|Mixed Platforms.ActiveCfg = Release|Any CPU
		{B617C482-0E0A-4790-839F-7EB68342BD81}.SingleImage|Mixed Platforms.Build.0 = Release|Any CPU
		{B617C482-0E0A-4790-839F-7EB68342BD81}.SingleImage|x86.ActiveCfg = Release|Any CPU
		{065DD9D9-8060-47AB-AEEB-9101B46E9A18}.CD_ROM|Any CPU.ActiveCfg = Release|Any CPU
		{065DD9D9-8060-47AB-AEEB-9101B46E9A18}.CD_ROM|Any CPU.Build.0 = Release|Any CPU
		{065DD9D9-8060-47AB-AEEB-9101B46E9A18}.CD_ROM|Mixed Platforms.ActiveCfg = Release|Any CPU
		{065DD9D9-8060-47AB-AEEB-9101B46E9A18}.CD_ROM|Mixed Platforms.Build.0 = Release|Any CPU
		{065DD9D9-8060-47AB-AEEB-9101B46E9A18}.CD_ROM|x86.ActiveCfg = Release|Any CPU
		{065DD9D9-8060-47AB-AEEB-9101B46E9A18}.Debug|Any CPU.ActiveCfg = Debug|Any CPU
		{065DD9D9-8060-47AB-AEEB-9101B46E9A18}.Debug|Any CPU.Build.0 = Debug|Any CPU
		{065DD9D9-8060-47AB-AEEB-9101B46E9A18}.Debug|Mixed Platforms.ActiveCfg = Debug|Any CPU
		{065DD9D9-8060-47AB-AEEB-9101B46E9A18}.Debug|Mixed Platforms.Build.0 = Debug|Any CPU
		{065DD9D9-8060-47AB-AEEB-9101B46E9A18}.Debug|x86.ActiveCfg = Debug|Any CPU
		{065DD9D9-8060-47AB-AEEB-9101B46E9A18}.DVD-5|Any CPU.ActiveCfg = Debug|Any CPU
		{065DD9D9-8060-47AB-AEEB-9101B46E9A18}.DVD-5|Any CPU.Build.0 = Debug|Any CPU
		{065DD9D9-8060-47AB-AEEB-9101B46E9A18}.DVD-5|Mixed Platforms.ActiveCfg = Debug|Any CPU
		{065DD9D9-8060-47AB-AEEB-9101B46E9A18}.DVD-5|Mixed Platforms.Build.0 = Debug|Any CPU
		{065DD9D9-8060-47AB-AEEB-9101B46E9A18}.DVD-5|x86.ActiveCfg = Debug|Any CPU
		{065DD9D9-8060-47AB-AEEB-9101B46E9A18}.Release|Any CPU.ActiveCfg = Release|Any CPU
		{065DD9D9-8060-47AB-AEEB-9101B46E9A18}.Release|Any CPU.Build.0 = Release|Any CPU
		{065DD9D9-8060-47AB-AEEB-9101B46E9A18}.Release|Mixed Platforms.ActiveCfg = Release|Any CPU
		{065DD9D9-8060-47AB-AEEB-9101B46E9A18}.Release|Mixed Platforms.Build.0 = Release|Any CPU
		{065DD9D9-8060-47AB-AEEB-9101B46E9A18}.Release|x86.ActiveCfg = Release|Any CPU
		{065DD9D9-8060-47AB-AEEB-9101B46E9A18}.SingleImage|Any CPU.ActiveCfg = Release|Any CPU
		{065DD9D9-8060-47AB-AEEB-9101B46E9A18}.SingleImage|Any CPU.Build.0 = Release|Any CPU
		{065DD9D9-8060-47AB-AEEB-9101B46E9A18}.SingleImage|Mixed Platforms.ActiveCfg = Release|Any CPU
		{065DD9D9-8060-47AB-AEEB-9101B46E9A18}.SingleImage|Mixed Platforms.Build.0 = Release|Any CPU
		{065DD9D9-8060-47AB-AEEB-9101B46E9A18}.SingleImage|x86.ActiveCfg = Release|Any CPU
		{85BD0489-84CE-4F99-9B71-B2C07C7CF5FC}.CD_ROM|Any CPU.ActiveCfg = Release|Any CPU
		{85BD0489-84CE-4F99-9B71-B2C07C7CF5FC}.CD_ROM|Any CPU.Build.0 = Release|Any CPU
		{85BD0489-84CE-4F99-9B71-B2C07C7CF5FC}.CD_ROM|Mixed Platforms.ActiveCfg = Release|Any CPU
		{85BD0489-84CE-4F99-9B71-B2C07C7CF5FC}.CD_ROM|Mixed Platforms.Build.0 = Release|Any CPU
		{85BD0489-84CE-4F99-9B71-B2C07C7CF5FC}.CD_ROM|x86.ActiveCfg = Release|Any CPU
		{85BD0489-84CE-4F99-9B71-B2C07C7CF5FC}.Debug|Any CPU.ActiveCfg = Debug|Any CPU
		{85BD0489-84CE-4F99-9B71-B2C07C7CF5FC}.Debug|Any CPU.Build.0 = Debug|Any CPU
		{85BD0489-84CE-4F99-9B71-B2C07C7CF5FC}.Debug|Mixed Platforms.ActiveCfg = Debug|Any CPU
		{85BD0489-84CE-4F99-9B71-B2C07C7CF5FC}.Debug|Mixed Platforms.Build.0 = Debug|Any CPU
		{85BD0489-84CE-4F99-9B71-B2C07C7CF5FC}.Debug|x86.ActiveCfg = Debug|Any CPU
		{85BD0489-84CE-4F99-9B71-B2C07C7CF5FC}.DVD-5|Any CPU.ActiveCfg = Debug|Any CPU
		{85BD0489-84CE-4F99-9B71-B2C07C7CF5FC}.DVD-5|Any CPU.Build.0 = Debug|Any CPU
		{85BD0489-84CE-4F99-9B71-B2C07C7CF5FC}.DVD-5|Mixed Platforms.ActiveCfg = Debug|Any CPU
		{85BD0489-84CE-4F99-9B71-B2C07C7CF5FC}.DVD-5|Mixed Platforms.Build.0 = Debug|Any CPU
		{85BD0489-84CE-4F99-9B71-B2C07C7CF5FC}.DVD-5|x86.ActiveCfg = Debug|Any CPU
		{85BD0489-84CE-4F99-9B71-B2C07C7CF5FC}.Release|Any CPU.ActiveCfg = Release|Any CPU
		{85BD0489-84CE-4F99-9B71-B2C07C7CF5FC}.Release|Any CPU.Build.0 = Release|Any CPU
		{85BD0489-84CE-4F99-9B71-B2C07C7CF5FC}.Release|Mixed Platforms.ActiveCfg = Release|Any CPU
		{85BD0489-84CE-4F99-9B71-B2C07C7CF5FC}.Release|Mixed Platforms.Build.0 = Release|Any CPU
		{85BD0489-84CE-4F99-9B71-B2C07C7CF5FC}.Release|x86.ActiveCfg = Release|Any CPU
		{85BD0489-84CE-4F99-9B71-B2C07C7CF5FC}.SingleImage|Any CPU.ActiveCfg = Release|Any CPU
		{85BD0489-84CE-4F99-9B71-B2C07C7CF5FC}.SingleImage|Any CPU.Build.0 = Release|Any CPU
		{85BD0489-84CE-4F99-9B71-B2C07C7CF5FC}.SingleImage|Mixed Platforms.ActiveCfg = Release|Any CPU
		{85BD0489-84CE-4F99-9B71-B2C07C7CF5FC}.SingleImage|Mixed Platforms.Build.0 = Release|Any CPU
		{85BD0489-84CE-4F99-9B71-B2C07C7CF5FC}.SingleImage|x86.ActiveCfg = Release|Any CPU
		{6A38A74E-9973-473C-A70A-B62E47D9A5E8}.CD_ROM|Any CPU.ActiveCfg = Release|Any CPU
		{6A38A74E-9973-473C-A70A-B62E47D9A5E8}.CD_ROM|Any CPU.Build.0 = Release|Any CPU
		{6A38A74E-9973-473C-A70A-B62E47D9A5E8}.CD_ROM|Mixed Platforms.ActiveCfg = Release|Any CPU
		{6A38A74E-9973-473C-A70A-B62E47D9A5E8}.CD_ROM|Mixed Platforms.Build.0 = Release|Any CPU
		{6A38A74E-9973-473C-A70A-B62E47D9A5E8}.CD_ROM|x86.ActiveCfg = Release|Any CPU
		{6A38A74E-9973-473C-A70A-B62E47D9A5E8}.Debug|Any CPU.ActiveCfg = Debug|Any CPU
		{6A38A74E-9973-473C-A70A-B62E47D9A5E8}.Debug|Any CPU.Build.0 = Debug|Any CPU
		{6A38A74E-9973-473C-A70A-B62E47D9A5E8}.Debug|Mixed Platforms.ActiveCfg = Debug|Any CPU
		{6A38A74E-9973-473C-A70A-B62E47D9A5E8}.Debug|Mixed Platforms.Build.0 = Debug|Any CPU
		{6A38A74E-9973-473C-A70A-B62E47D9A5E8}.Debug|x86.ActiveCfg = Debug|Any CPU
		{6A38A74E-9973-473C-A70A-B62E47D9A5E8}.DVD-5|Any CPU.ActiveCfg = Debug|Any CPU
		{6A38A74E-9973-473C-A70A-B62E47D9A5E8}.DVD-5|Any CPU.Build.0 = Debug|Any CPU
		{6A38A74E-9973-473C-A70A-B62E47D9A5E8}.DVD-5|Mixed Platforms.ActiveCfg = Debug|Any CPU
		{6A38A74E-9973-473C-A70A-B62E47D9A5E8}.DVD-5|Mixed Platforms.Build.0 = Debug|Any CPU
		{6A38A74E-9973-473C-A70A-B62E47D9A5E8}.DVD-5|x86.ActiveCfg = Debug|Any CPU
		{6A38A74E-9973-473C-A70A-B62E47D9A5E8}.Release|Any CPU.ActiveCfg = Release|Any CPU
		{6A38A74E-9973-473C-A70A-B62E47D9A5E8}.Release|Any CPU.Build.0 = Release|Any CPU
		{6A38A74E-9973-473C-A70A-B62E47D9A5E8}.Release|Mixed Platforms.ActiveCfg = Release|Any CPU
		{6A38A74E-9973-473C-A70A-B62E47D9A5E8}.Release|Mixed Platforms.Build.0 = Release|Any CPU
		{6A38A74E-9973-473C-A70A-B62E47D9A5E8}.Release|x86.ActiveCfg = Release|Any CPU
		{6A38A74E-9973-473C-A70A-B62E47D9A5E8}.SingleImage|Any CPU.ActiveCfg = Release|Any CPU
		{6A38A74E-9973-473C-A70A-B62E47D9A5E8}.SingleImage|Any CPU.Build.0 = Release|Any CPU
		{6A38A74E-9973-473C-A70A-B62E47D9A5E8}.SingleImage|Mixed Platforms.ActiveCfg = Release|Any CPU
		{6A38A74E-9973-473C-A70A-B62E47D9A5E8}.SingleImage|Mixed Platforms.Build.0 = Release|Any CPU
		{6A38A74E-9973-473C-A70A-B62E47D9A5E8}.SingleImage|x86.ActiveCfg = Release|Any CPU
		{462C5E76-DB1B-432D-94EC-91DEC7888EC3}.CD_ROM|Any CPU.ActiveCfg = Release|Any CPU
		{462C5E76-DB1B-432D-94EC-91DEC7888EC3}.CD_ROM|Any CPU.Build.0 = Release|Any CPU
		{462C5E76-DB1B-432D-94EC-91DEC7888EC3}.CD_ROM|Mixed Platforms.ActiveCfg = Release|Any CPU
		{462C5E76-DB1B-432D-94EC-91DEC7888EC3}.CD_ROM|Mixed Platforms.Build.0 = Release|Any CPU
		{462C5E76-DB1B-432D-94EC-91DEC7888EC3}.CD_ROM|x86.ActiveCfg = Release|Any CPU
		{462C5E76-DB1B-432D-94EC-91DEC7888EC3}.Debug|Any CPU.ActiveCfg = Debug|Any CPU
		{462C5E76-DB1B-432D-94EC-91DEC7888EC3}.Debug|Any CPU.Build.0 = Debug|Any CPU
		{462C5E76-DB1B-432D-94EC-91DEC7888EC3}.Debug|Mixed Platforms.ActiveCfg = Debug|Any CPU
		{462C5E76-DB1B-432D-94EC-91DEC7888EC3}.Debug|Mixed Platforms.Build.0 = Debug|Any CPU
		{462C5E76-DB1B-432D-94EC-91DEC7888EC3}.Debug|Mixed Platforms.Deploy.0 = Debug|Any CPU
		{462C5E76-DB1B-432D-94EC-91DEC7888EC3}.Debug|x86.ActiveCfg = Debug|Any CPU
		{462C5E76-DB1B-432D-94EC-91DEC7888EC3}.DVD-5|Any CPU.ActiveCfg = Debug|Any CPU
		{462C5E76-DB1B-432D-94EC-91DEC7888EC3}.DVD-5|Any CPU.Build.0 = Debug|Any CPU
		{462C5E76-DB1B-432D-94EC-91DEC7888EC3}.DVD-5|Mixed Platforms.ActiveCfg = Debug|Any CPU
		{462C5E76-DB1B-432D-94EC-91DEC7888EC3}.DVD-5|Mixed Platforms.Build.0 = Debug|Any CPU
		{462C5E76-DB1B-432D-94EC-91DEC7888EC3}.DVD-5|x86.ActiveCfg = Debug|Any CPU
		{462C5E76-DB1B-432D-94EC-91DEC7888EC3}.Release|Any CPU.ActiveCfg = Release|Any CPU
		{462C5E76-DB1B-432D-94EC-91DEC7888EC3}.Release|Any CPU.Build.0 = Release|Any CPU
		{462C5E76-DB1B-432D-94EC-91DEC7888EC3}.Release|Mixed Platforms.ActiveCfg = Release|Any CPU
		{462C5E76-DB1B-432D-94EC-91DEC7888EC3}.Release|Mixed Platforms.Build.0 = Release|Any CPU
		{462C5E76-DB1B-432D-94EC-91DEC7888EC3}.Release|x86.ActiveCfg = Release|Any CPU
		{462C5E76-DB1B-432D-94EC-91DEC7888EC3}.SingleImage|Any CPU.ActiveCfg = Release|Any CPU
		{462C5E76-DB1B-432D-94EC-91DEC7888EC3}.SingleImage|Any CPU.Build.0 = Release|Any CPU
		{462C5E76-DB1B-432D-94EC-91DEC7888EC3}.SingleImage|Mixed Platforms.ActiveCfg = Release|Any CPU
		{462C5E76-DB1B-432D-94EC-91DEC7888EC3}.SingleImage|Mixed Platforms.Build.0 = Release|Any CPU
		{462C5E76-DB1B-432D-94EC-91DEC7888EC3}.SingleImage|x86.ActiveCfg = Release|Any CPU
		{E9339F50-C822-42C5-9E15-4F0F2C5FAE0C}.CD_ROM|Any CPU.ActiveCfg = Release|Any CPU
		{E9339F50-C822-42C5-9E15-4F0F2C5FAE0C}.CD_ROM|Any CPU.Build.0 = Release|Any CPU
		{E9339F50-C822-42C5-9E15-4F0F2C5FAE0C}.CD_ROM|Mixed Platforms.ActiveCfg = Release|Any CPU
		{E9339F50-C822-42C5-9E15-4F0F2C5FAE0C}.CD_ROM|Mixed Platforms.Build.0 = Release|Any CPU
		{E9339F50-C822-42C5-9E15-4F0F2C5FAE0C}.CD_ROM|x86.ActiveCfg = Release|Any CPU
		{E9339F50-C822-42C5-9E15-4F0F2C5FAE0C}.Debug|Any CPU.ActiveCfg = Debug|Any CPU
		{E9339F50-C822-42C5-9E15-4F0F2C5FAE0C}.Debug|Any CPU.Build.0 = Debug|Any CPU
		{E9339F50-C822-42C5-9E15-4F0F2C5FAE0C}.Debug|Mixed Platforms.ActiveCfg = Debug|Any CPU
		{E9339F50-C822-42C5-9E15-4F0F2C5FAE0C}.Debug|Mixed Platforms.Build.0 = Debug|Any CPU
		{E9339F50-C822-42C5-9E15-4F0F2C5FAE0C}.Debug|x86.ActiveCfg = Debug|Any CPU
		{E9339F50-C822-42C5-9E15-4F0F2C5FAE0C}.DVD-5|Any CPU.ActiveCfg = Debug|Any CPU
		{E9339F50-C822-42C5-9E15-4F0F2C5FAE0C}.DVD-5|Any CPU.Build.0 = Debug|Any CPU
		{E9339F50-C822-42C5-9E15-4F0F2C5FAE0C}.DVD-5|Mixed Platforms.ActiveCfg = Debug|Any CPU
		{E9339F50-C822-42C5-9E15-4F0F2C5FAE0C}.DVD-5|Mixed Platforms.Build.0 = Debug|Any CPU
		{E9339F50-C822-42C5-9E15-4F0F2C5FAE0C}.DVD-5|x86.ActiveCfg = Debug|Any CPU
		{E9339F50-C822-42C5-9E15-4F0F2C5FAE0C}.Release|Any CPU.ActiveCfg = Release|Any CPU
		{E9339F50-C822-42C5-9E15-4F0F2C5FAE0C}.Release|Any CPU.Build.0 = Release|Any CPU
		{E9339F50-C822-42C5-9E15-4F0F2C5FAE0C}.Release|Mixed Platforms.ActiveCfg = Release|Any CPU
		{E9339F50-C822-42C5-9E15-4F0F2C5FAE0C}.Release|Mixed Platforms.Build.0 = Release|Any CPU
		{E9339F50-C822-42C5-9E15-4F0F2C5FAE0C}.Release|x86.ActiveCfg = Release|Any CPU
		{E9339F50-C822-42C5-9E15-4F0F2C5FAE0C}.SingleImage|Any CPU.ActiveCfg = Release|Any CPU
		{E9339F50-C822-42C5-9E15-4F0F2C5FAE0C}.SingleImage|Any CPU.Build.0 = Release|Any CPU
		{E9339F50-C822-42C5-9E15-4F0F2C5FAE0C}.SingleImage|Mixed Platforms.ActiveCfg = Release|Any CPU
		{E9339F50-C822-42C5-9E15-4F0F2C5FAE0C}.SingleImage|Mixed Platforms.Build.0 = Release|Any CPU
		{E9339F50-C822-42C5-9E15-4F0F2C5FAE0C}.SingleImage|x86.ActiveCfg = Release|Any CPU
		{3505E24A-553F-4C46-8AF3-77FB8BD9A507}.CD_ROM|Any CPU.ActiveCfg = Release|Any CPU
		{3505E24A-553F-4C46-8AF3-77FB8BD9A507}.CD_ROM|Any CPU.Build.0 = Release|Any CPU
		{3505E24A-553F-4C46-8AF3-77FB8BD9A507}.CD_ROM|Mixed Platforms.ActiveCfg = Release|Any CPU
		{3505E24A-553F-4C46-8AF3-77FB8BD9A507}.CD_ROM|Mixed Platforms.Build.0 = Release|Any CPU
		{3505E24A-553F-4C46-8AF3-77FB8BD9A507}.CD_ROM|x86.ActiveCfg = Release|Any CPU
		{3505E24A-553F-4C46-8AF3-77FB8BD9A507}.Debug|Any CPU.ActiveCfg = Debug|Any CPU
		{3505E24A-553F-4C46-8AF3-77FB8BD9A507}.Debug|Any CPU.Build.0 = Debug|Any CPU
		{3505E24A-553F-4C46-8AF3-77FB8BD9A507}.Debug|Mixed Platforms.ActiveCfg = Debug|Any CPU
		{3505E24A-553F-4C46-8AF3-77FB8BD9A507}.Debug|Mixed Platforms.Build.0 = Debug|Any CPU
		{3505E24A-553F-4C46-8AF3-77FB8BD9A507}.Debug|x86.ActiveCfg = Debug|Any CPU
		{3505E24A-553F-4C46-8AF3-77FB8BD9A507}.DVD-5|Any CPU.ActiveCfg = Debug|Any CPU
		{3505E24A-553F-4C46-8AF3-77FB8BD9A507}.DVD-5|Any CPU.Build.0 = Debug|Any CPU
		{3505E24A-553F-4C46-8AF3-77FB8BD9A507}.DVD-5|Mixed Platforms.ActiveCfg = Debug|Any CPU
		{3505E24A-553F-4C46-8AF3-77FB8BD9A507}.DVD-5|Mixed Platforms.Build.0 = Debug|Any CPU
		{3505E24A-553F-4C46-8AF3-77FB8BD9A507}.DVD-5|x86.ActiveCfg = Debug|Any CPU
		{3505E24A-553F-4C46-8AF3-77FB8BD9A507}.Release|Any CPU.ActiveCfg = Release|Any CPU
		{3505E24A-553F-4C46-8AF3-77FB8BD9A507}.Release|Any CPU.Build.0 = Release|Any CPU
		{3505E24A-553F-4C46-8AF3-77FB8BD9A507}.Release|Mixed Platforms.ActiveCfg = Release|Any CPU
		{3505E24A-553F-4C46-8AF3-77FB8BD9A507}.Release|Mixed Platforms.Build.0 = Release|Any CPU
		{3505E24A-553F-4C46-8AF3-77FB8BD9A507}.Release|x86.ActiveCfg = Release|Any CPU
		{3505E24A-553F-4C46-8AF3-77FB8BD9A507}.SingleImage|Any CPU.ActiveCfg = Release|Any CPU
		{3505E24A-553F-4C46-8AF3-77FB8BD9A507}.SingleImage|Any CPU.Build.0 = Release|Any CPU
		{3505E24A-553F-4C46-8AF3-77FB8BD9A507}.SingleImage|Mixed Platforms.ActiveCfg = Release|Any CPU
		{3505E24A-553F-4C46-8AF3-77FB8BD9A507}.SingleImage|Mixed Platforms.Build.0 = Release|Any CPU
		{3505E24A-553F-4C46-8AF3-77FB8BD9A507}.SingleImage|x86.ActiveCfg = Release|Any CPU
		{193952D2-DD89-419B-95CA-4BB59EF498A4}.CD_ROM|Any CPU.ActiveCfg = Release|Any CPU
		{193952D2-DD89-419B-95CA-4BB59EF498A4}.CD_ROM|Any CPU.Build.0 = Release|Any CPU
		{193952D2-DD89-419B-95CA-4BB59EF498A4}.CD_ROM|Mixed Platforms.ActiveCfg = Release|Any CPU
		{193952D2-DD89-419B-95CA-4BB59EF498A4}.CD_ROM|Mixed Platforms.Build.0 = Release|Any CPU
		{193952D2-DD89-419B-95CA-4BB59EF498A4}.CD_ROM|x86.ActiveCfg = Release|Any CPU
		{193952D2-DD89-419B-95CA-4BB59EF498A4}.Debug|Any CPU.ActiveCfg = Debug|Any CPU
		{193952D2-DD89-419B-95CA-4BB59EF498A4}.Debug|Any CPU.Build.0 = Debug|Any CPU
		{193952D2-DD89-419B-95CA-4BB59EF498A4}.Debug|Mixed Platforms.ActiveCfg = Debug|Any CPU
		{193952D2-DD89-419B-95CA-4BB59EF498A4}.Debug|Mixed Platforms.Build.0 = Debug|Any CPU
		{193952D2-DD89-419B-95CA-4BB59EF498A4}.Debug|x86.ActiveCfg = Debug|Any CPU
		{193952D2-DD89-419B-95CA-4BB59EF498A4}.DVD-5|Any CPU.ActiveCfg = Debug|Any CPU
		{193952D2-DD89-419B-95CA-4BB59EF498A4}.DVD-5|Any CPU.Build.0 = Debug|Any CPU
		{193952D2-DD89-419B-95CA-4BB59EF498A4}.DVD-5|Mixed Platforms.ActiveCfg = Debug|Any CPU
		{193952D2-DD89-419B-95CA-4BB59EF498A4}.DVD-5|Mixed Platforms.Build.0 = Debug|Any CPU
		{193952D2-DD89-419B-95CA-4BB59EF498A4}.DVD-5|x86.ActiveCfg = Debug|Any CPU
		{193952D2-DD89-419B-95CA-4BB59EF498A4}.Release|Any CPU.ActiveCfg = Release|Any CPU
		{193952D2-DD89-419B-95CA-4BB59EF498A4}.Release|Any CPU.Build.0 = Release|Any CPU
		{193952D2-DD89-419B-95CA-4BB59EF498A4}.Release|Mixed Platforms.ActiveCfg = Release|Any CPU
		{193952D2-DD89-419B-95CA-4BB59EF498A4}.Release|Mixed Platforms.Build.0 = Release|Any CPU
		{193952D2-DD89-419B-95CA-4BB59EF498A4}.Release|x86.ActiveCfg = Release|Any CPU
		{193952D2-DD89-419B-95CA-4BB59EF498A4}.SingleImage|Any CPU.ActiveCfg = Release|Any CPU
		{193952D2-DD89-419B-95CA-4BB59EF498A4}.SingleImage|Any CPU.Build.0 = Release|Any CPU
		{193952D2-DD89-419B-95CA-4BB59EF498A4}.SingleImage|Mixed Platforms.ActiveCfg = Release|Any CPU
		{193952D2-DD89-419B-95CA-4BB59EF498A4}.SingleImage|Mixed Platforms.Build.0 = Release|Any CPU
		{193952D2-DD89-419B-95CA-4BB59EF498A4}.SingleImage|x86.ActiveCfg = Release|Any CPU
		{BE888BC8-03CB-40BC-AE81-7F2A3FC27CE4}.CD_ROM|Any CPU.ActiveCfg = Release|Any CPU
		{BE888BC8-03CB-40BC-AE81-7F2A3FC27CE4}.CD_ROM|Any CPU.Build.0 = Release|Any CPU
		{BE888BC8-03CB-40BC-AE81-7F2A3FC27CE4}.CD_ROM|Mixed Platforms.ActiveCfg = Release|Any CPU
		{BE888BC8-03CB-40BC-AE81-7F2A3FC27CE4}.CD_ROM|Mixed Platforms.Build.0 = Release|Any CPU
		{BE888BC8-03CB-40BC-AE81-7F2A3FC27CE4}.CD_ROM|x86.ActiveCfg = Release|Any CPU
		{BE888BC8-03CB-40BC-AE81-7F2A3FC27CE4}.Debug|Any CPU.ActiveCfg = Debug|Any CPU
		{BE888BC8-03CB-40BC-AE81-7F2A3FC27CE4}.Debug|Any CPU.Build.0 = Debug|Any CPU
		{BE888BC8-03CB-40BC-AE81-7F2A3FC27CE4}.Debug|Mixed Platforms.ActiveCfg = Debug|Any CPU
		{BE888BC8-03CB-40BC-AE81-7F2A3FC27CE4}.Debug|Mixed Platforms.Build.0 = Debug|Any CPU
		{BE888BC8-03CB-40BC-AE81-7F2A3FC27CE4}.Debug|x86.ActiveCfg = Debug|Any CPU
		{BE888BC8-03CB-40BC-AE81-7F2A3FC27CE4}.DVD-5|Any CPU.ActiveCfg = Debug|Any CPU
		{BE888BC8-03CB-40BC-AE81-7F2A3FC27CE4}.DVD-5|Any CPU.Build.0 = Debug|Any CPU
		{BE888BC8-03CB-40BC-AE81-7F2A3FC27CE4}.DVD-5|Mixed Platforms.ActiveCfg = Debug|Any CPU
		{BE888BC8-03CB-40BC-AE81-7F2A3FC27CE4}.DVD-5|Mixed Platforms.Build.0 = Debug|Any CPU
		{BE888BC8-03CB-40BC-AE81-7F2A3FC27CE4}.DVD-5|x86.ActiveCfg = Debug|Any CPU
		{BE888BC8-03CB-40BC-AE81-7F2A3FC27CE4}.Release|Any CPU.ActiveCfg = Release|Any CPU
		{BE888BC8-03CB-40BC-AE81-7F2A3FC27CE4}.Release|Any CPU.Build.0 = Release|Any CPU
		{BE888BC8-03CB-40BC-AE81-7F2A3FC27CE4}.Release|Mixed Platforms.ActiveCfg = Release|Any CPU
		{BE888BC8-03CB-40BC-AE81-7F2A3FC27CE4}.Release|Mixed Platforms.Build.0 = Release|Any CPU
		{BE888BC8-03CB-40BC-AE81-7F2A3FC27CE4}.Release|x86.ActiveCfg = Release|Any CPU
		{BE888BC8-03CB-40BC-AE81-7F2A3FC27CE4}.SingleImage|Any CPU.ActiveCfg = Release|Any CPU
		{BE888BC8-03CB-40BC-AE81-7F2A3FC27CE4}.SingleImage|Any CPU.Build.0 = Release|Any CPU
		{BE888BC8-03CB-40BC-AE81-7F2A3FC27CE4}.SingleImage|Mixed Platforms.ActiveCfg = Release|Any CPU
		{BE888BC8-03CB-40BC-AE81-7F2A3FC27CE4}.SingleImage|Mixed Platforms.Build.0 = Release|Any CPU
		{BE888BC8-03CB-40BC-AE81-7F2A3FC27CE4}.SingleImage|x86.ActiveCfg = Release|Any CPU
		{4C302D6C-F8ED-4229-B07A-E8B02CDE316B}.CD_ROM|Any CPU.ActiveCfg = Release|Any CPU
		{4C302D6C-F8ED-4229-B07A-E8B02CDE316B}.CD_ROM|Any CPU.Build.0 = Release|Any CPU
		{4C302D6C-F8ED-4229-B07A-E8B02CDE316B}.CD_ROM|Mixed Platforms.ActiveCfg = Release|Any CPU
		{4C302D6C-F8ED-4229-B07A-E8B02CDE316B}.CD_ROM|Mixed Platforms.Build.0 = Release|Any CPU
		{4C302D6C-F8ED-4229-B07A-E8B02CDE316B}.CD_ROM|x86.ActiveCfg = Release|Any CPU
		{4C302D6C-F8ED-4229-B07A-E8B02CDE316B}.Debug|Any CPU.ActiveCfg = Debug|Any CPU
		{4C302D6C-F8ED-4229-B07A-E8B02CDE316B}.Debug|Any CPU.Build.0 = Debug|Any CPU
		{4C302D6C-F8ED-4229-B07A-E8B02CDE316B}.Debug|Mixed Platforms.ActiveCfg = Debug|Any CPU
		{4C302D6C-F8ED-4229-B07A-E8B02CDE316B}.Debug|Mixed Platforms.Build.0 = Debug|Any CPU
		{4C302D6C-F8ED-4229-B07A-E8B02CDE316B}.Debug|x86.ActiveCfg = Debug|Any CPU
		{4C302D6C-F8ED-4229-B07A-E8B02CDE316B}.DVD-5|Any CPU.ActiveCfg = Debug|Any CPU
		{4C302D6C-F8ED-4229-B07A-E8B02CDE316B}.DVD-5|Any CPU.Build.0 = Debug|Any CPU
		{4C302D6C-F8ED-4229-B07A-E8B02CDE316B}.DVD-5|Mixed Platforms.ActiveCfg = Debug|Any CPU
		{4C302D6C-F8ED-4229-B07A-E8B02CDE316B}.DVD-5|Mixed Platforms.Build.0 = Debug|Any CPU
		{4C302D6C-F8ED-4229-B07A-E8B02CDE316B}.DVD-5|x86.ActiveCfg = Debug|Any CPU
		{4C302D6C-F8ED-4229-B07A-E8B02CDE316B}.Release|Any CPU.ActiveCfg = Release|Any CPU
		{4C302D6C-F8ED-4229-B07A-E8B02CDE316B}.Release|Any CPU.Build.0 = Release|Any CPU
		{4C302D6C-F8ED-4229-B07A-E8B02CDE316B}.Release|Mixed Platforms.ActiveCfg = Release|Any CPU
		{4C302D6C-F8ED-4229-B07A-E8B02CDE316B}.Release|Mixed Platforms.Build.0 = Release|Any CPU
		{4C302D6C-F8ED-4229-B07A-E8B02CDE316B}.Release|x86.ActiveCfg = Release|Any CPU
		{4C302D6C-F8ED-4229-B07A-E8B02CDE316B}.SingleImage|Any CPU.ActiveCfg = Release|Any CPU
		{4C302D6C-F8ED-4229-B07A-E8B02CDE316B}.SingleImage|Any CPU.Build.0 = Release|Any CPU
		{4C302D6C-F8ED-4229-B07A-E8B02CDE316B}.SingleImage|Mixed Platforms.ActiveCfg = Release|Any CPU
		{4C302D6C-F8ED-4229-B07A-E8B02CDE316B}.SingleImage|Mixed Platforms.Build.0 = Release|Any CPU
		{4C302D6C-F8ED-4229-B07A-E8B02CDE316B}.SingleImage|x86.ActiveCfg = Release|Any CPU
		{7B86F765-FEFB-4CE5-A6A2-2D79A7489CDC}.CD_ROM|Any CPU.ActiveCfg = CD_ROM
		{7B86F765-FEFB-4CE5-A6A2-2D79A7489CDC}.CD_ROM|Any CPU.Build.0 = CD_ROM
		{7B86F765-FEFB-4CE5-A6A2-2D79A7489CDC}.CD_ROM|Mixed Platforms.ActiveCfg = CD_ROM
		{7B86F765-FEFB-4CE5-A6A2-2D79A7489CDC}.CD_ROM|Mixed Platforms.Build.0 = CD_ROM
		{7B86F765-FEFB-4CE5-A6A2-2D79A7489CDC}.CD_ROM|x86.ActiveCfg = CD_ROM
		{7B86F765-FEFB-4CE5-A6A2-2D79A7489CDC}.CD_ROM|x86.Build.0 = CD_ROM
		{7B86F765-FEFB-4CE5-A6A2-2D79A7489CDC}.Debug|Any CPU.ActiveCfg = DVD-5
		{7B86F765-FEFB-4CE5-A6A2-2D79A7489CDC}.Debug|Any CPU.Build.0 = DVD-5
		{7B86F765-FEFB-4CE5-A6A2-2D79A7489CDC}.Debug|Mixed Platforms.ActiveCfg = DVD-5
		{7B86F765-FEFB-4CE5-A6A2-2D79A7489CDC}.Debug|x86.ActiveCfg = DVD-5
		{7B86F765-FEFB-4CE5-A6A2-2D79A7489CDC}.Debug|x86.Build.0 = DVD-5
		{7B86F765-FEFB-4CE5-A6A2-2D79A7489CDC}.DVD-5|Any CPU.ActiveCfg = DVD-5
		{7B86F765-FEFB-4CE5-A6A2-2D79A7489CDC}.DVD-5|Any CPU.Build.0 = DVD-5
		{7B86F765-FEFB-4CE5-A6A2-2D79A7489CDC}.DVD-5|Mixed Platforms.ActiveCfg = DVD-5
		{7B86F765-FEFB-4CE5-A6A2-2D79A7489CDC}.DVD-5|Mixed Platforms.Build.0 = DVD-5
		{7B86F765-FEFB-4CE5-A6A2-2D79A7489CDC}.DVD-5|x86.ActiveCfg = DVD-5
		{7B86F765-FEFB-4CE5-A6A2-2D79A7489CDC}.DVD-5|x86.Build.0 = DVD-5
		{7B86F765-FEFB-4CE5-A6A2-2D79A7489CDC}.Release|Any CPU.ActiveCfg = SingleImage
		{7B86F765-FEFB-4CE5-A6A2-2D79A7489CDC}.Release|Any CPU.Build.0 = SingleImage
		{7B86F765-FEFB-4CE5-A6A2-2D79A7489CDC}.Release|Mixed Platforms.ActiveCfg = SingleImage
		{7B86F765-FEFB-4CE5-A6A2-2D79A7489CDC}.Release|Mixed Platforms.Build.0 = SingleImage
		{7B86F765-FEFB-4CE5-A6A2-2D79A7489CDC}.Release|x86.ActiveCfg = SingleImage
		{7B86F765-FEFB-4CE5-A6A2-2D79A7489CDC}.Release|x86.Build.0 = SingleImage
		{7B86F765-FEFB-4CE5-A6A2-2D79A7489CDC}.SingleImage|Any CPU.ActiveCfg = SingleImage
		{7B86F765-FEFB-4CE5-A6A2-2D79A7489CDC}.SingleImage|Any CPU.Build.0 = SingleImage
		{7B86F765-FEFB-4CE5-A6A2-2D79A7489CDC}.SingleImage|Mixed Platforms.ActiveCfg = SingleImage
		{7B86F765-FEFB-4CE5-A6A2-2D79A7489CDC}.SingleImage|Mixed Platforms.Build.0 = SingleImage
		{7B86F765-FEFB-4CE5-A6A2-2D79A7489CDC}.SingleImage|x86.ActiveCfg = SingleImage
		{7B86F765-FEFB-4CE5-A6A2-2D79A7489CDC}.SingleImage|x86.Build.0 = SingleImage
		{4D13CAF7-91A0-44A5-B33D-42D51AA6A2EB}.CD_ROM|Any CPU.ActiveCfg = CD_ROM
		{4D13CAF7-91A0-44A5-B33D-42D51AA6A2EB}.CD_ROM|Any CPU.Build.0 = CD_ROM
		{4D13CAF7-91A0-44A5-B33D-42D51AA6A2EB}.CD_ROM|Mixed Platforms.ActiveCfg = CD_ROM
		{4D13CAF7-91A0-44A5-B33D-42D51AA6A2EB}.CD_ROM|Mixed Platforms.Build.0 = CD_ROM
		{4D13CAF7-91A0-44A5-B33D-42D51AA6A2EB}.CD_ROM|x86.ActiveCfg = CD_ROM
		{4D13CAF7-91A0-44A5-B33D-42D51AA6A2EB}.CD_ROM|x86.Build.0 = CD_ROM
		{4D13CAF7-91A0-44A5-B33D-42D51AA6A2EB}.Debug|Any CPU.ActiveCfg = DVD-5
		{4D13CAF7-91A0-44A5-B33D-42D51AA6A2EB}.Debug|Any CPU.Build.0 = DVD-5
		{4D13CAF7-91A0-44A5-B33D-42D51AA6A2EB}.Debug|Mixed Platforms.ActiveCfg = DVD-5
		{4D13CAF7-91A0-44A5-B33D-42D51AA6A2EB}.Debug|x86.ActiveCfg = DVD-5
		{4D13CAF7-91A0-44A5-B33D-42D51AA6A2EB}.Debug|x86.Build.0 = DVD-5
		{4D13CAF7-91A0-44A5-B33D-42D51AA6A2EB}.DVD-5|Any CPU.ActiveCfg = DVD-5
		{4D13CAF7-91A0-44A5-B33D-42D51AA6A2EB}.DVD-5|Any CPU.Build.0 = DVD-5
		{4D13CAF7-91A0-44A5-B33D-42D51AA6A2EB}.DVD-5|Mixed Platforms.ActiveCfg = DVD-5
		{4D13CAF7-91A0-44A5-B33D-42D51AA6A2EB}.DVD-5|Mixed Platforms.Build.0 = DVD-5
		{4D13CAF7-91A0-44A5-B33D-42D51AA6A2EB}.DVD-5|x86.ActiveCfg = DVD-5
		{4D13CAF7-91A0-44A5-B33D-42D51AA6A2EB}.DVD-5|x86.Build.0 = DVD-5
		{4D13CAF7-91A0-44A5-B33D-42D51AA6A2EB}.Release|Any CPU.ActiveCfg = SingleImage
		{4D13CAF7-91A0-44A5-B33D-42D51AA6A2EB}.Release|Any CPU.Build.0 = SingleImage
		{4D13CAF7-91A0-44A5-B33D-42D51AA6A2EB}.Release|Mixed Platforms.ActiveCfg = SingleImage
		{4D13CAF7-91A0-44A5-B33D-42D51AA6A2EB}.Release|Mixed Platforms.Build.0 = SingleImage
		{4D13CAF7-91A0-44A5-B33D-42D51AA6A2EB}.Release|x86.ActiveCfg = SingleImage
		{4D13CAF7-91A0-44A5-B33D-42D51AA6A2EB}.Release|x86.Build.0 = SingleImage
		{4D13CAF7-91A0-44A5-B33D-42D51AA6A2EB}.SingleImage|Any CPU.ActiveCfg = SingleImage
		{4D13CAF7-91A0-44A5-B33D-42D51AA6A2EB}.SingleImage|Any CPU.Build.0 = SingleImage
		{4D13CAF7-91A0-44A5-B33D-42D51AA6A2EB}.SingleImage|Mixed Platforms.ActiveCfg = SingleImage
		{4D13CAF7-91A0-44A5-B33D-42D51AA6A2EB}.SingleImage|Mixed Platforms.Build.0 = SingleImage
		{4D13CAF7-91A0-44A5-B33D-42D51AA6A2EB}.SingleImage|x86.ActiveCfg = SingleImage
		{4D13CAF7-91A0-44A5-B33D-42D51AA6A2EB}.SingleImage|x86.Build.0 = SingleImage
		{C28900E5-BAFC-4672-B526-56ED90A7F86C}.CD_ROM|Any CPU.ActiveCfg = CD_ROM
		{C28900E5-BAFC-4672-B526-56ED90A7F86C}.CD_ROM|Any CPU.Build.0 = CD_ROM
		{C28900E5-BAFC-4672-B526-56ED90A7F86C}.CD_ROM|Mixed Platforms.ActiveCfg = CD_ROM
		{C28900E5-BAFC-4672-B526-56ED90A7F86C}.CD_ROM|Mixed Platforms.Build.0 = CD_ROM
		{C28900E5-BAFC-4672-B526-56ED90A7F86C}.CD_ROM|x86.ActiveCfg = CD_ROM
		{C28900E5-BAFC-4672-B526-56ED90A7F86C}.CD_ROM|x86.Build.0 = CD_ROM
		{C28900E5-BAFC-4672-B526-56ED90A7F86C}.Debug|Any CPU.ActiveCfg = DVD-5
		{C28900E5-BAFC-4672-B526-56ED90A7F86C}.Debug|Any CPU.Build.0 = DVD-5
		{C28900E5-BAFC-4672-B526-56ED90A7F86C}.Debug|Mixed Platforms.ActiveCfg = DVD-5
		{C28900E5-BAFC-4672-B526-56ED90A7F86C}.Debug|x86.ActiveCfg = DVD-5
		{C28900E5-BAFC-4672-B526-56ED90A7F86C}.Debug|x86.Build.0 = DVD-5
		{C28900E5-BAFC-4672-B526-56ED90A7F86C}.DVD-5|Any CPU.ActiveCfg = DVD-5
		{C28900E5-BAFC-4672-B526-56ED90A7F86C}.DVD-5|Any CPU.Build.0 = DVD-5
		{C28900E5-BAFC-4672-B526-56ED90A7F86C}.DVD-5|Mixed Platforms.ActiveCfg = DVD-5
		{C28900E5-BAFC-4672-B526-56ED90A7F86C}.DVD-5|Mixed Platforms.Build.0 = DVD-5
		{C28900E5-BAFC-4672-B526-56ED90A7F86C}.DVD-5|x86.ActiveCfg = DVD-5
		{C28900E5-BAFC-4672-B526-56ED90A7F86C}.DVD-5|x86.Build.0 = DVD-5
		{C28900E5-BAFC-4672-B526-56ED90A7F86C}.Release|Any CPU.ActiveCfg = SingleImage
		{C28900E5-BAFC-4672-B526-56ED90A7F86C}.Release|Any CPU.Build.0 = SingleImage
		{C28900E5-BAFC-4672-B526-56ED90A7F86C}.Release|Mixed Platforms.ActiveCfg = SingleImage
		{C28900E5-BAFC-4672-B526-56ED90A7F86C}.Release|Mixed Platforms.Build.0 = SingleImage
		{C28900E5-BAFC-4672-B526-56ED90A7F86C}.Release|x86.ActiveCfg = SingleImage
		{C28900E5-BAFC-4672-B526-56ED90A7F86C}.Release|x86.Build.0 = SingleImage
		{C28900E5-BAFC-4672-B526-56ED90A7F86C}.SingleImage|Any CPU.ActiveCfg = SingleImage
		{C28900E5-BAFC-4672-B526-56ED90A7F86C}.SingleImage|Any CPU.Build.0 = SingleImage
		{C28900E5-BAFC-4672-B526-56ED90A7F86C}.SingleImage|Mixed Platforms.ActiveCfg = SingleImage
		{C28900E5-BAFC-4672-B526-56ED90A7F86C}.SingleImage|Mixed Platforms.Build.0 = SingleImage
		{C28900E5-BAFC-4672-B526-56ED90A7F86C}.SingleImage|x86.ActiveCfg = SingleImage
		{C28900E5-BAFC-4672-B526-56ED90A7F86C}.SingleImage|x86.Build.0 = SingleImage
	EndGlobalSection
	GlobalSection(SolutionProperties) = preSolution
		HideSolutionNode = FALSE
	EndGlobalSection
EndGlobal
